
Microsoft Visual Studio Solution File, Format Version 12.00
# Visual Studio Version 16
VisualStudioVersion = 16.0.29209.62
MinimumVisualStudioVersion = 10.0.40219.1
Project("{9A19103F-16F7-4668-BE54-9A1E7A4F7556}") = "RoadOfGrowth.DBRepository", "RoadOfGrowth.DBRepository\RoadOfGrowth.DBRepository.csproj", "{3DB498C4-A7C0-48EE-BA29-CDB63BCB567A}"
EndProject
Project("{9A19103F-16F7-4668-BE54-9A1E7A4F7556}") = "RoadOfGrowth.DBUtility", "RoadOfGrowth.DBUtility\RoadOfGrowth.DBUtility.csproj", "{676FF7EF-6742-464F-8FB5-A7AF0FBFB096}"
EndProject
Project("{9A19103F-16F7-4668-BE54-9A1E7A4F7556}") = "RoadOfGrowth.DBWebService", "RoadOfGrowth.DBWebService\RoadOfGrowth.DBWebService.csproj", "{4B1E91CE-E95E-4418-8CF1-1816A6587685}"
EndProject
Project("{FAE04EC0-301F-11D3-BF4B-00C04F79EFBC}") = "RoadOfGrowth.DBCommon", "RoadOfGrowth.DBCommon\RoadOfGrowth.DBCommon.csproj", "{6BD45F77-1CF0-4B84-B6A0-170EF0C1DE22}"
EndProject
Global
	GlobalSection(SolutionConfigurationPlatforms) = preSolution
		Debug|Any CPU = Debug|Any CPU
		Release|Any CPU = Release|Any CPU
	EndGlobalSection
	GlobalSection(ProjectConfigurationPlatforms) = postSolution
		{3DB498C4-A7C0-48EE-BA29-CDB63BCB567A}.Debug|Any CPU.ActiveCfg = Debug|Any CPU
		{3DB498C4-A7C0-48EE-BA29-CDB63BCB567A}.Debug|Any CPU.Build.0 = Debug|Any CPU
		{3DB498C4-A7C0-48EE-BA29-CDB63BCB567A}.Release|Any CPU.ActiveCfg = Release|Any CPU
		{3DB498C4-A7C0-48EE-BA29-CDB63BCB567A}.Release|Any CPU.Build.0 = Release|Any CPU
		{676FF7EF-6742-464F-8FB5-A7AF0FBFB096}.Debug|Any CPU.ActiveCfg = Debug|Any CPU
		{676FF7EF-6742-464F-8FB5-A7AF0FBFB096}.Debug|Any CPU.Build.0 = Debug|Any CPU
		{676FF7EF-6742-464F-8FB5-A7AF0FBFB096}.Release|Any CPU.ActiveCfg = Release|Any CPU
		{676FF7EF-6742-464F-8FB5-A7AF0FBFB096}.Release|Any CPU.Build.0 = Release|Any CPU
		{4B1E91CE-E95E-4418-8CF1-1816A6587685}.Debug|Any CPU.ActiveCfg = Debug|Any CPU
		{4B1E91CE-E95E-4418-8CF1-1816A6587685}.Debug|Any CPU.Build.0 = Debug|Any CPU
		{4B1E91CE-E95E-4418-8CF1-1816A6587685}.Release|Any CPU.ActiveCfg = Release|Any CPU
		{4B1E91CE-E95E-4418-8CF1-1816A6587685}.Release|Any CPU.Build.0 = Release|Any CPU
		{6BD45F77-1CF0-4B84-B6A0-170EF0C1DE22}.Debug|Any CPU.ActiveCfg = Debug|Any CPU
		{6BD45F77-1CF0-4B84-B6A0-170EF0C1DE22}.Debug|Any CPU.Build.0 = Debug|Any CPU
		{6BD45F77-1CF0-4B84-B6A0-170EF0C1DE22}.Release|Any CPU.ActiveCfg = Release|Any CPU
		{6BD45F77-1CF0-4B84-B6A0-170EF0C1DE22}.Release|Any CPU.Build.0 = Release|Any CPU
	EndGlobalSection
	GlobalSection(SolutionProperties) = preSolution
		HideSolutionNode = FALSE
	EndGlobalSection
	GlobalSection(ExtensibilityGlobals) = postSolution
		SolutionGuid = {1B8A1CBF-15AD-47F7-950E-82E95D93082A}
	EndGlobalSection
EndGlobal
