
Microsoft Visual Studio Solution File, Format Version 12.00
# Visual Studio Version 16
VisualStudioVersion = 16.0.29209.62
MinimumVisualStudioVersion = 10.0.40219.1
Project("{9A19103F-16F7-4668-BE54-9A1E7A4F7556}") = "RoadOfGrowth.Web", "RoadOfGrowth.Web\RoadOfGrowth.Web.csproj", "{03691791-FF48-4E3B-8177-E7C1F9D38346}"
EndProject
Project("{9A19103F-16F7-4668-BE54-9A1E7A4F7556}") = "RoadOfGrowth.Repository", "RoadOfGrowth.Repository\RoadOfGrowth.Repository.csproj", "{ADC2A29B-41B3-4D46-9926-5B56EA26580E}"
EndProject
Project("{9A19103F-16F7-4668-BE54-9A1E7A4F7556}") = "RoadOfGrowth.Utility", "RoadOfGrowth.Utility\RoadOfGrowth.Utility.csproj", "{710682C0-256E-44DE-A1EE-BCBBBBACFE20}"
EndProject
Project("{9A19103F-16F7-4668-BE54-9A1E7A4F7556}") = "RoadOfGrowth.ExternalService", "RoadOfGrowth.ExternalService\RoadOfGrowth.ExternalService.csproj", "{65737084-83FF-4599-8903-43668C7B5536}"
EndProject
Project("{9A19103F-16F7-4668-BE54-9A1E7A4F7556}") = "RoadOfGrowth.Model", "RoadOfGrowth.Model\RoadOfGrowth.Model.csproj", "{0393143A-77F3-4D6C-9A3A-B419A17C26AF}"
EndProject
Project("{9A19103F-16F7-4668-BE54-9A1E7A4F7556}") = "RoadOfGrowth.Entity", "RoadOfGrowth.Entity\RoadOfGrowth.Entity.csproj", "{CDA0E749-146E-40E9-BD99-29298FF8F04A}"
EndProject
Project("{2150E333-8FDC-42A3-9474-1A3956D46DE8}") = "Utility", "Utility", "{5A2094C8-5A82-4DD0-9FE2-0A723FDC46D1}"
EndProject
Project("{2150E333-8FDC-42A3-9474-1A3956D46DE8}") = "Common", "Common", "{90FC67DE-0549-40EE-8D0E-637D305EAF13}"
EndProject
Global
	GlobalSection(SolutionConfigurationPlatforms) = preSolution
		Debug|Any CPU = Debug|Any CPU
		Release|Any CPU = Release|Any CPU
	EndGlobalSection
	GlobalSection(ProjectConfigurationPlatforms) = postSolution
		{03691791-FF48-4E3B-8177-E7C1F9D38346}.Debug|Any CPU.ActiveCfg = Debug|Any CPU
		{03691791-FF48-4E3B-8177-E7C1F9D38346}.Debug|Any CPU.Build.0 = Debug|Any CPU
		{03691791-FF48-4E3B-8177-E7C1F9D38346}.Release|Any CPU.ActiveCfg = Release|Any CPU
		{03691791-FF48-4E3B-8177-E7C1F9D38346}.Release|Any CPU.Build.0 = Release|Any CPU
		{ADC2A29B-41B3-4D46-9926-5B56EA26580E}.Debug|Any CPU.ActiveCfg = Debug|Any CPU
		{ADC2A29B-41B3-4D46-9926-5B56EA26580E}.Debug|Any CPU.Build.0 = Debug|Any CPU
		{ADC2A29B-41B3-4D46-9926-5B56EA26580E}.Release|Any CPU.ActiveCfg = Release|Any CPU
		{ADC2A29B-41B3-4D46-9926-5B56EA26580E}.Release|Any CPU.Build.0 = Release|Any CPU
		{710682C0-256E-44DE-A1EE-BCBBBBACFE20}.Debug|Any CPU.ActiveCfg = Debug|Any CPU
		{710682C0-256E-44DE-A1EE-BCBBBBACFE20}.Debug|Any CPU.Build.0 = Debug|Any CPU
		{710682C0-256E-44DE-A1EE-BCBBBBACFE20}.Release|Any CPU.ActiveCfg = Release|Any CPU
		{710682C0-256E-44DE-A1EE-BCBBBBACFE20}.Release|Any CPU.Build.0 = Release|Any CPU
		{65737084-83FF-4599-8903-43668C7B5536}.Debug|Any CPU.ActiveCfg = Debug|Any CPU
		{65737084-83FF-4599-8903-43668C7B5536}.Debug|Any CPU.Build.0 = Debug|Any CPU
		{65737084-83FF-4599-8903-43668C7B5536}.Release|Any CPU.ActiveCfg = Release|Any CPU
		{65737084-83FF-4599-8903-43668C7B5536}.Release|Any CPU.Build.0 = Release|Any CPU
		{0393143A-77F3-4D6C-9A3A-B419A17C26AF}.Debug|Any CPU.ActiveCfg = Debug|Any CPU
		{0393143A-77F3-4D6C-9A3A-B419A17C26AF}.Debug|Any CPU.Build.0 = Debug|Any CPU
		{0393143A-77F3-4D6C-9A3A-B419A17C26AF}.Release|Any CPU.ActiveCfg = Release|Any CPU
		{0393143A-77F3-4D6C-9A3A-B419A17C26AF}.Release|Any CPU.Build.0 = Release|Any CPU
		{CDA0E749-146E-40E9-BD99-29298FF8F04A}.Debug|Any CPU.ActiveCfg = Debug|Any CPU
		{CDA0E749-146E-40E9-BD99-29298FF8F04A}.Debug|Any CPU.Build.0 = Debug|Any CPU
		{CDA0E749-146E-40E9-BD99-29298FF8F04A}.Release|Any CPU.ActiveCfg = Release|Any CPU
		{CDA0E749-146E-40E9-BD99-29298FF8F04A}.Release|Any CPU.Build.0 = Release|Any CPU
	EndGlobalSection
	GlobalSection(SolutionProperties) = preSolution
		HideSolutionNode = FALSE
	EndGlobalSection
	GlobalSection(NestedProjects) = preSolution
		{710682C0-256E-44DE-A1EE-BCBBBBACFE20} = {5A2094C8-5A82-4DD0-9FE2-0A723FDC46D1}
		{65737084-83FF-4599-8903-43668C7B5536} = {5A2094C8-5A82-4DD0-9FE2-0A723FDC46D1}
		{0393143A-77F3-4D6C-9A3A-B419A17C26AF} = {90FC67DE-0549-40EE-8D0E-637D305EAF13}
		{CDA0E749-146E-40E9-BD99-29298FF8F04A} = {90FC67DE-0549-40EE-8D0E-637D305EAF13}
	EndGlobalSection
	GlobalSection(ExtensibilityGlobals) = postSolution
		SolutionGuid = {BFE32101-73E5-4B0D-AAB5-D33178B73975}
	EndGlobalSection
EndGlobal
