
Microsoft Visual Studio Solution File, Format Version 12.00
# Visual Studio Version 16
VisualStudioVersion = 16.0.29209.62
MinimumVisualStudioVersion = 10.0.40219.1
Project("{FAE04EC0-301F-11D3-BF4B-00C04F79EFBC}") = "CoreTask.Startup", "CoreTask.Startup.csproj", "{C88933E2-7E23-43FA-BB44-9D8672672B3B}"
EndProject
Global
	GlobalSection(SolutionConfigurationPlatforms) = preSolution
		Debug|Any CPU = Debug|Any CPU
		Release|Any CPU = Release|Any CPU
	EndGlobalSection
	GlobalSection(ProjectConfigurationPlatforms) = postSolution
		{C88933E2-7E23-43FA-BB44-9D8672672B3B}.Debug|Any CPU.ActiveCfg = Debug|Any CPU
		{C88933E2-7E23-43FA-BB44-9D8672672B3B}.Debug|Any CPU.Build.0 = Debug|Any CPU
		{C88933E2-7E23-43FA-BB44-9D8672672B3B}.Release|Any CPU.ActiveCfg = Release|Any CPU
		{C88933E2-7E23-43FA-BB44-9D8672672B3B}.Release|Any CPU.Build.0 = Release|Any CPU
	EndGlobalSection
	GlobalSection(SolutionProperties) = preSolution
		HideSolutionNode = FALSE
	EndGlobalSection
	GlobalSection(ExtensibilityGlobals) = postSolution
		SolutionGuid = {93599471-A615-4630-97BB-52031A40DAEA}
	EndGlobalSection
EndGlobal
